generated_at: "2026-05-06T05:07:26Z"
dependencies:
    - name: github.com/JuliusBrussee/caveman/skills/caveman
      version: 1.7.0
      git_tag: v1.7.0
      repo_url: https://github.com/JuliusBrussee/caveman
      subdir: skills/caveman
      entrypoint: SKILL.md
      tree_hash: sha256:b6876c29ebadd1c364ecd4a6505a6772f6af4b78893a6ecd74b9167c4a3e51b6
      files:
        - SKILL.md
    - name: github.com/JuliusBrussee/caveman/skills/caveman-commit
      version: 1.7.0
      git_tag: v1.7.0
      repo_url: https://github.com/JuliusBrussee/caveman
      subdir: skills/caveman-commit
      entrypoint: SKILL.md
      tree_hash: sha256:c6a81513057f3a1df1984a4c784240cad05c157bb407c696a91dc94f57e50014
      files:
        - SKILL.md
    - name: github.com/JuliusBrussee/caveman/skills/caveman-help
      version: 1.7.0
      git_tag: v1.7.0
      repo_url: https://github.com/JuliusBrussee/caveman
      subdir: skills/caveman-help
      entrypoint: SKILL.md
      tree_hash: sha256:1c733e1e8568948f4bc1cac62482b9b96f5c66886b38752d5a500021275263dd
      files:
        - SKILL.md
    - name: github.com/JuliusBrussee/caveman/skills/caveman-review
      version: 1.7.0
      git_tag: v1.7.0
      repo_url: https://github.com/JuliusBrussee/caveman
      subdir: skills/caveman-review
      entrypoint: SKILL.md
      tree_hash: sha256:00a2c38dae929fad9d6e4730410100b386f3164a054aa7ae5f74a45b7ee75a57
      files:
        - SKILL.md
    - name: github.com/JuliusBrussee/caveman/skills/compress
      version: 1.7.0
      git_tag: v1.7.0
      repo_url: https://github.com/JuliusBrussee/caveman
      subdir: skills/compress
      entrypoint: SKILL.md
      tree_hash: sha256:1722f6ab2df302e68b9c7a1c809f32ba12357f9cc6ac4032e865ca9fc1d61529
      files:
        - SKILL.md
        - scripts/__init__.py
        - scripts/__main__.py
        - scripts/benchmark.py
        - scripts/cli.py
        - scripts/compress.py
        - scripts/detect.py
        - scripts/validate.py
    - name: github.com/anthropics/skills/skills/skill-creator
      version: d230a6dd6eb1
      git_tag: main
      repo_url: https://github.com/anthropics/skills
      subdir: skills/skill-creator
      entrypoint: SKILL.md
      tree_hash: sha256:66d5a406648f5420b85bf686d0b198255011b71f9a544cdab71ef9d5e86bfe8f
      files:
        - LICENSE.txt
        - SKILL.md
        - agents/analyzer.md
        - agents/comparator.md
        - agents/grader.md
        - assets/eval_review.html
        - eval-viewer/generate_review.py
        - eval-viewer/viewer.html
        - references/schemas.md
        - scripts/__init__.py
        - scripts/aggregate_benchmark.py
        - scripts/generate_report.py
        - scripts/improve_description.py
        - scripts/package_skill.py
        - scripts/quick_validate.py
        - scripts/run_eval.py
        - scripts/run_loop.py
        - scripts/utils.py
    - name: github.com/jeremylongshore/claude-code-plugins-plus-skills/plugins/productivity/002-jeremy-yaml-master-agent/skills/yaml-master
      version: 3a2d27d6316a
      git_tag: main
      repo_url: https://github.com/jeremylongshore/claude-code-plugins-plus-skills
      subdir: plugins/productivity/002-jeremy-yaml-master-agent/skills/yaml-master
      entrypoint: SKILL.md
      tree_hash: sha256:191bb62ae11da1aae8195070c93e4e91c8b7867f07493367a9e38f4586c0606b
      files:
        - SKILL.md
        - assets/README.md
        - references/README.md
        - references/SKILL.full.md
        - scripts/README.md
    - name: github.com/vercel-labs/skills/skills/find-skills
      version: eec87fd44fca
      git_tag: main
      repo_url: https://github.com/vercel-labs/skills
      subdir: skills/find-skills
      entrypoint: SKILL.md
      tree_hash: sha256:0708f2d83a92c170624f7821521ddee7d36941c2db1ad8371d06f7b6a88c64e9
      files:
        - SKILL.md
