generated_at: "2026-04-05T22:33:40Z"
dependencies:
    - name: github.com/anthropics/skills/skills/frontend-design
      version: 98669c11ca63
      git_tag: main
      repo_url: https://github.com/anthropics/skills
      subdir: skills/frontend-design
      entrypoint: SKILL.md
      tree_hash: sha256:77a85ea7bbb90010da45f92d2adcd861fbfd159391a9bfb009309019afffa726
      files:
        - LICENSE.txt
        - SKILL.md
    - name: github.com/vercel-labs/agent-skills/skills/react-best-practices
      version: 73140fc5b3a2
      git_tag: main
      repo_url: https://github.com/vercel-labs/agent-skills
      subdir: skills/react-best-practices
      entrypoint: SKILL.md
      tree_hash: sha256:79caedb09ad2a054cbcb7e4cf5df7229a6fd5e8f49363ba4ad702a56689e0bfa
      files:
        - AGENTS.md
        - README.md
        - SKILL.md
        - metadata.json
        - rules/_sections.md
        - rules/_template.md
        - rules/advanced-effect-event-deps.md
        - rules/advanced-event-handler-refs.md
        - rules/advanced-init-once.md
        - rules/advanced-use-latest.md
        - rules/async-api-routes.md
        - rules/async-cheap-condition-before-await.md
        - rules/async-defer-await.md
        - rules/async-dependencies.md
        - rules/async-parallel.md
        - rules/async-suspense-boundaries.md
        - rules/bundle-barrel-imports.md
        - rules/bundle-conditional.md
        - rules/bundle-defer-third-party.md
        - rules/bundle-dynamic-imports.md
        - rules/bundle-preload.md
        - rules/client-event-listeners.md
        - rules/client-localstorage-schema.md
        - rules/client-passive-event-listeners.md
        - rules/client-swr-dedup.md
        - rules/js-batch-dom-css.md
        - rules/js-cache-function-results.md
        - rules/js-cache-property-access.md
        - rules/js-cache-storage.md
        - rules/js-combine-iterations.md
        - rules/js-early-exit.md
        - rules/js-flatmap-filter.md
        - rules/js-hoist-regexp.md
        - rules/js-index-maps.md
        - rules/js-length-check-first.md
        - rules/js-min-max-loop.md
        - rules/js-request-idle-callback.md
        - rules/js-set-map-lookups.md
        - rules/js-tosorted-immutable.md
        - rules/rendering-activity.md
        - rules/rendering-animate-svg-wrapper.md
        - rules/rendering-conditional-render.md
        - rules/rendering-content-visibility.md
        - rules/rendering-hoist-jsx.md
        - rules/rendering-hydration-no-flicker.md
        - rules/rendering-hydration-suppress-warning.md
        - rules/rendering-resource-hints.md
        - rules/rendering-script-defer-async.md
        - rules/rendering-svg-precision.md
        - rules/rendering-usetransition-loading.md
        - rules/rerender-defer-reads.md
        - rules/rerender-dependencies.md
        - rules/rerender-derived-state-no-effect.md
        - rules/rerender-derived-state.md
        - rules/rerender-functional-setstate.md
        - rules/rerender-lazy-state-init.md
        - rules/rerender-memo-with-default-value.md
        - rules/rerender-memo.md
        - rules/rerender-move-effect-to-event.md
        - rules/rerender-no-inline-components.md
        - rules/rerender-simple-expression-in-memo.md
        - rules/rerender-split-combined-hooks.md
        - rules/rerender-transitions.md
        - rules/rerender-use-deferred-value.md
        - rules/rerender-use-ref-transient-values.md
        - rules/server-after-nonblocking.md
        - rules/server-auth-actions.md
        - rules/server-cache-lru.md
        - rules/server-cache-react.md
        - rules/server-dedup-props.md
        - rules/server-hoist-static-io.md
        - rules/server-no-shared-module-state.md
        - rules/server-parallel-fetching.md
        - rules/server-parallel-nested-fetching.md
        - rules/server-serialization.md
    - name: github.com/vercel-labs/agent-skills/skills/web-design-guidelines
      version: 73140fc5b3a2
      git_tag: main
      repo_url: https://github.com/vercel-labs/agent-skills
      subdir: skills/web-design-guidelines
      entrypoint: SKILL.md
      tree_hash: sha256:8acf578e55ecf81b628b6a3882ff0395a674f9da20dcc01984b7e3c7710188c0
      files:
        - SKILL.md
